Microsoft Visual Studio Solution File, Format Version 12.00
# Visual Studio Version 16
VisualStudioVersion = 16.0.0.0
MinimumVisualStudioVersion = 16.0.0.0
Project("{9A19103F-16F7-4668-BE54-9A1E7A4F7556}") = "Backtracking.Server", "Server\Backtracking.Server.csproj", "{B8A8069E-04E0-47F7-9B06-894408EA0DFC}"
EndProject
Project("{9A19103F-16F7-4668-BE54-9A1E7A4F7556}") = "Backtracking.Client", "Client\Backtracking.Client.csproj", "{7CD7B218-D89F-41E2-9253-B813149C57C5}"
EndProject
Project("{9A19103F-16F7-4668-BE54-9A1E7A4F7556}") = "Backtracking.Shared", "Shared\Backtracking.Shared.csproj", "{6E0128A2-B281-4F72-B69F-71E9D547F028}"
EndProject
Global
	GlobalSection(SolutionConfigurationPlatforms) = preSolution
		Debug|Any CPU = Debug|Any CPU
		Debug|x64 = Debug|x64
		Debug|x86 = Debug|x86
		Release|Any CPU = Release|Any CPU
		Release|x64 = Release|x64
		Release|x86 = Release|x86
	EndGlobalSection
	GlobalSection(ProjectConfigurationPlatforms) = postSolution
		{7CD7B218-D89F-41E2-9253-B813149C57C5}.Debug|Any CPU.ActiveCfg = Debug|Any CPU
		{7CD7B218-D89F-41E2-9253-B813149C57C5}.Debug|Any CPU.Build.0 = Debug|Any CPU
		{7CD7B218-D89F-41E2-9253-B813149C57C5}.Debug|x64.ActiveCfg = Debug|Any CPU
		{7CD7B218-D89F-41E2-9253-B813149C57C5}.Debug|x64.Build.0 = Debug|Any CPU
		{7CD7B218-D89F-41E2-9253-B813149C57C5}.Debug|x86.ActiveCfg = Debug|Any CPU
		{7CD7B218-D89F-41E2-9253-B813149C57C5}.Debug|x86.Build.0 = Debug|Any CPU
		{7CD7B218-D89F-41E2-9253-B813149C57C5}.Release|Any CPU.ActiveCfg = Release|Any CPU
		{7CD7B218-D89F-41E2-9253-B813149C57C5}.Release|Any CPU.Build.0 = Release|Any CPU
		{7CD7B218-D89F-41E2-9253-B813149C57C5}.Release|x64.ActiveCfg = Release|Any CPU
		{7CD7B218-D89F-41E2-9253-B813149C57C5}.Release|x64.Build.0 = Release|Any CPU
		{7CD7B218-D89F-41E2-9253-B813149C57C5}.Release|x86.ActiveCfg = Release|Any CPU
		{7CD7B218-D89F-41E2-9253-B813149C57C5}.Release|x86.Build.0 = Release|Any CPU
		{B8A8069E-04E0-47F7-9B06-894408EA0DFC}.Debug|Any CPU.ActiveCfg = Debug|Any CPU
		{B8A8069E-04E0-47F7-9B06-894408EA0DFC}.Debug|Any CPU.Build.0 = Debug|Any CPU
		{B8A8069E-04E0-47F7-9B06-894408EA0DFC}.Debug|x64.ActiveCfg = Debug|Any CPU
		{B8A8069E-04E0-47F7-9B06-894408EA0DFC}.Debug|x64.Build.0 = Debug|Any CPU
		{B8A8069E-04E0-47F7-9B06-894408EA0DFC}.Debug|x86.ActiveCfg = Debug|Any CPU
		{B8A8069E-04E0-47F7-9B06-894408EA0DFC}.Debug|x86.Build.0 = Debug|Any CPU
		{B8A8069E-04E0-47F7-9B06-894408EA0DFC}.Release|Any CPU.ActiveCfg = Release|Any CPU
		{B8A8069E-04E0-47F7-9B06-894408EA0DFC}.Release|Any CPU.Build.0 = Release|Any CPU
		{B8A8069E-04E0-47F7-9B06-894408EA0DFC}.Release|x64.ActiveCfg = Release|Any CPU
		{B8A8069E-04E0-47F7-9B06-894408EA0DFC}.Release|x64.Build.0 = Release|Any CPU
		{B8A8069E-04E0-47F7-9B06-894408EA0DFC}.Release|x86.ActiveCfg = Release|Any CPU
		{B8A8069E-04E0-47F7-9B06-894408EA0DFC}.Release|x86.Build.0 = Release|Any CPU
		{6E0128A2-B281-4F72-B69F-71E9D547F028}.Debug|Any CPU.ActiveCfg = Debug|Any CPU
		{6E0128A2-B281-4F72-B69F-71E9D547F028}.Debug|Any CPU.Build.0 = Debug|Any CPU
		{6E0128A2-B281-4F72-B69F-71E9D547F028}.Debug|x64.ActiveCfg = Debug|Any CPU
		{6E0128A2-B281-4F72-B69F-71E9D547F028}.Debug|x64.Build.0 = Debug|Any CPU
		{6E0128A2-B281-4F72-B69F-71E9D547F028}.Debug|x86.ActiveCfg = Debug|Any CPU
		{6E0128A2-B281-4F72-B69F-71E9D547F028}.Debug|x86.Build.0 = Debug|Any CPU
		{6E0128A2-B281-4F72-B69F-71E9D547F028}.Release|Any CPU.ActiveCfg = Release|Any CPU
		{6E0128A2-B281-4F72-B69F-71E9D547F028}.Release|Any CPU.Build.0 = Release|Any CPU
		{6E0128A2-B281-4F72-B69F-71E9D547F028}.Release|x64.ActiveCfg = Release|Any CPU
		{6E0128A2-B281-4F72-B69F-71E9D547F028}.Release|x64.Build.0 = Release|Any CPU
		{6E0128A2-B281-4F72-B69F-71E9D547F028}.Release|x86.ActiveCfg = Release|Any CPU
		{6E0128A2-B281-4F72-B69F-71E9D547F028}.Release|x86.Build.0 = Release|Any CPU
	EndGlobalSection
	GlobalSection(SolutionProperties) = preSolution
		HideSolutionNode = FALSE
	EndGlobalSection
	GlobalSection(ExtensibilityGlobals) = postSolution
		SolutionGuid = {D7968AB9-4EEE-4E8C-A12E-58D949174CA8}
	EndGlobalSection
EndGlobal